
Microsoft Visual Studio Solution File, Format Version 12.00
# Visual Studio Version 17
VisualStudioVersion = 17.11.35303.130
MinimumVisualStudioVersion = 10.0.40219.1
Project("{FAE04EC0-301F-11D3-BF4B-00C04F79EFBC}") = "DataUploader", "DataUploader\DataUploader.csproj", "{4E9CDA47-04D5-4ADC-9DE2-941E8BB03594}"
EndProject
Global
	GlobalSection(SolutionConfigurationPlatforms) = preSolution
		Debug|Any CPU = Debug|Any CPU
		Release|Any CPU = Release|Any CPU
	EndGlobalSection
	GlobalSection(ProjectConfigurationPlatforms) = postSolution
		{4E9CDA47-04D5-4ADC-9DE2-941E8BB03594}.Debug|Any CPU.ActiveCfg = Debug|Any CPU
		{4E9CDA47-04D5-4ADC-9DE2-941E8BB03594}.Debug|Any CPU.Build.0 = Debug|Any CPU
		{4E9CDA47-04D5-4ADC-9DE2-941E8BB03594}.Release|Any CPU.ActiveCfg = Release|Any CPU
		{4E9CDA47-04D5-4ADC-9DE2-941E8BB03594}.Release|Any CPU.Build.0 = Release|Any CPU
	EndGlobalSection
	GlobalSection(SolutionProperties) = preSolution
		HideSolutionNode = FALSE
	EndGlobalSection
	GlobalSection(ExtensibilityGlobals) = postSolution
		SolutionGuid = {B41AFCD1-4258-4234-8A0B-C332E23CB40F}
	EndGlobalSection
EndGlobal
